github.com/gorilla/websocket v1.4.2 h1:+/TMaTYc4QFitKJxsQ7Yye35DkWvkdLcvGKqM+x0Ufc=
github.com/gorilla/websocket v1.4.2/go.mod h1:YR8l580nyteQvAITg2hZ9XVh4b55+EU/adAjf1fMHhE=
golang.org/x/crypto v0.0.0-20211215153901-e495a2d5b3d3 h1:0es+/5331RGQPcXlMfP+WrnIIS6dNnNRe0WB02W0F4M=
golang.org/x/crypto v0.0.0-20211215153901-e495a2d5b3d3/go.mod h1:IxCIyHEi3zRg3s0A5j5BB6A9Jmi73HwBIUl50j+osU4=
golang.org/x/sys v0.0.0-20211216021012-1d35b9e2eb4e h1:fLOSk5Q00efkSvAm+4xcoXD+RRmLmmulPn5I3Y9F2EM=
golang.org/x/sys v0.0.0-20211216021012-1d35b9e2eb4e/go.mod h1:oPkhp1MJrh7nUepCBck5+mAzfO9JrbApNNgaTdGDITg=
golang.org/x/term v0.0.0-20210927222741-03fcf44c2211 h1:JGgROgKl9N8DuW20oFS5gxc+lE67/N3FcwmBPMe7ArY=
golang.org/x/term v0.0.0-20210927222741-03fcf44c2211/go.mod h1:jbD1KX2456YbFQfuXm/mYQcufACuNUgVhRMnK/tPxf8=
gopkg.in/check.v1 v0.0.0-20161208181325-20d25e280405 h1:yhCVgyC4o1eVCa2tZl7eS0r+SDo693bJlVdllGtEeKM=
gopkg.in/check.v1 v0.0.0-20161208181325-20d25e280405/go.mod h1:Co6ibVJAznAaIkqp8huTwlJQCZ016jof/cbN4VW5Yz0=
gopkg.in/yaml.v2 v2.4.0 h1:D8xgwECY7CYvx+Y2n4sBz93Jn9JRvxdiyyo8CTfuKaY=
gopkg.in/yaml.v2 v2.4.0/go.mod h1:RDklbk79AGWmwhnvt/jBztapEOGDOx6ZbXqjP6csGnQ=
shanhu.io/aries v0.0.0-20211227015423-58a74ac39d20 h1:KmNWc9S/Zn/6bPsxEu5fSs7bJaSnVanMR/bd/mSGQWs=
shanhu.io/aries v0.0.0-20211227015423-58a74ac39d20/go.mod h1:5q8ztd4pQQ8fMbKzqT7J2EvMuMDAGPD2R9LhjBodmWQ=
shanhu.io/misc v0.0.0-20220103042840-3c06419a71a9 h1:BxX1k582MJDM4mutsQQbqO/7XS+0bnptwArOBpAzYjY=
shanhu.io/misc v0.0.0-20220103042840-3c06419a71a9/go.mod h1:kwZTb/IdBZw2P9k4KZWH1ZugoxRp/qo5HQAcViQ9OXY=
shanhu.io/text v0.0.0-20211223054527-6b1ed066cd84 h1:W+u9kUwghYUqeE+wbovbF8OhcI7B2KXRzbj/teMWYAM=
shanhu.io/text v0.0.0-20211223054527-6b1ed066cd84/go.mod h1:Np11lL3hfbT5QunuDgouCl65s112Pz3QHvNAdXpJWq8=
