github.com/gorilla/websocket v1.5.0 h1:PPwGk2jz7EePpoHN/+ClbZu8SPxiqlu12wZP/3sWmnc=
github.com/gorilla/websocket v1.5.0/go.mod h1:YR8l580nyteQvAITg2hZ9XVh4b55+EU/adAjf1fMHhE=
golang.org/x/crypto v0.0.0-20220525230936-793ad666bf5e h1:T8NU3HyQ8ClP4SEE+KbFlg6n0NhuTsN4MyznaarGsZM=
golang.org/x/crypto v0.0.0-20220525230936-793ad666bf5e/go.mod h1:IxCIyHEi3zRg3s0A5j5BB6A9Jmi73HwBIUl50j+osU4=
golang.org/x/sys v0.0.0-20220615213510-4f61da869c0c h1:aFV+BgZ4svzjfabn8ERpuB4JI4N6/rdy1iusx77G3oU=
golang.org/x/sys v0.0.0-20220615213510-4f61da869c0c/go.mod h1:oPkhp1MJrh7nUepCBck5+mAzfO9JrbApNNgaTdGDITg=
golang.org/x/term v0.0.0-20220526004731-065cf7ba2467 h1:CBpWXWQpIRjzmkkA+M7q9Fqnwd2mZr3AFqexg8YTfoM=
golang.org/x/term v0.0.0-20220526004731-065cf7ba2467/go.mod h1:jbD1KX2456YbFQfuXm/mYQcufACuNUgVhRMnK/tPxf8=
gopkg.in/check.v1 v0.0.0-20161208181325-20d25e280405 h1:yhCVgyC4o1eVCa2tZl7eS0r+SDo693bJlVdllGtEeKM=
gopkg.in/check.v1 v0.0.0-20161208181325-20d25e280405/go.mod h1:Co6ibVJAznAaIkqp8huTwlJQCZ016jof/cbN4VW5Yz0=
gopkg.in/yaml.v2 v2.4.0 h1:D8xgwECY7CYvx+Y2n4sBz93Jn9JRvxdiyyo8CTfuKaY=
gopkg.in/yaml.v2 v2.4.0/go.mod h1:RDklbk79AGWmwhnvt/jBztapEOGDOx6ZbXqjP6csGnQ=
shanhu.io/aries v0.0.0-20220616023607-6ba46b402fa3 h1:r73C/ODEIEZsuHGaCZDJdrMetu8/7Ly1GLScmNxRf/E=
shanhu.io/aries v0.0.0-20220616023607-6ba46b402fa3/go.mod h1:zEjYDhBjeQYFjk9ZAKiui1fRBhFRlBF/0mEcpuDB9pA=
shanhu.io/misc v0.0.0-20220616023559-1ae14727c9f3 h1:8rP04bjtWYL1K9bit0EXHLtG+W4XGh8DpAOfDzBWZKM=
shanhu.io/misc v0.0.0-20220616023559-1ae14727c9f3/go.mod h1:19kiLw0XuTQqKW27cHalJ9cp3/dg/tPY0Xp25GZ29IU=
shanhu.io/text v0.0.0-20220403174149-0195ecfdda87 h1:5B5QyUHPdmsKzfhgJjG7LZ3gdIL7NSBAMtL4QCXx07E=
shanhu.io/text v0.0.0-20220403174149-0195ecfdda87/go.mod h1:CexHuZjVSZj85hsKVcxZq80AMSdJNPFlOD4lSDEEE5g=
