github.com/gorilla/websocket v1.5.0 h1:PPwGk2jz7EePpoHN/+ClbZu8SPxiqlu12wZP/3sWmnc=
github.com/gorilla/websocket v1.5.0/go.mod h1:YR8l580nyteQvAITg2hZ9XVh4b55+EU/adAjf1fMHhE=
golang.org/x/crypto v0.0.0-20220622213112-05595931fe9d h1:sK3txAijHtOK88l68nt020reeT1ZdKLIYetKl95FzVY=
golang.org/x/crypto v0.0.0-20220622213112-05595931fe9d/go.mod h1:IxCIyHEi3zRg3s0A5j5BB6A9Jmi73HwBIUl50j+osU4=
golang.org/x/sys v0.0.0-20220702020025-31831981b65f h1:xdsejrW/0Wf2diT5CPp3XmKUNbr7Xvw8kYilQ+6qjRY=
golang.org/x/sys v0.0.0-20220702020025-31831981b65f/go.mod h1:oPkhp1MJrh7nUepCBck5+mAzfO9JrbApNNgaTdGDITg=
golang.org/x/term v0.0.0-20220526004731-065cf7ba2467 h1:CBpWXWQpIRjzmkkA+M7q9Fqnwd2mZr3AFqexg8YTfoM=
golang.org/x/term v0.0.0-20220526004731-065cf7ba2467/go.mod h1:jbD1KX2456YbFQfuXm/mYQcufACuNUgVhRMnK/tPxf8=
gopkg.in/check.v1 v0.0.0-20161208181325-20d25e280405 h1:yhCVgyC4o1eVCa2tZl7eS0r+SDo693bJlVdllGtEeKM=
gopkg.in/check.v1 v0.0.0-20161208181325-20d25e280405/go.mod h1:Co6ibVJAznAaIkqp8huTwlJQCZ016jof/cbN4VW5Yz0=
gopkg.in/yaml.v2 v2.4.0 h1:D8xgwECY7CYvx+Y2n4sBz93Jn9JRvxdiyyo8CTfuKaY=
gopkg.in/yaml.v2 v2.4.0/go.mod h1:RDklbk79AGWmwhnvt/jBztapEOGDOx6ZbXqjP6csGnQ=
shanhu.io/aries v0.0.0-20220703003808-22b744d7f915 h1:/iw8C6xbAPeq0n+WcylCy0shr+tyYfdBppfXU/EqxqM=
shanhu.io/aries v0.0.0-20220703003808-22b744d7f915/go.mod h1:TL0LOKf0QQUxvWjFA1g31MRD6LqmOc+om/wLthM5dJc=
shanhu.io/misc v0.0.0-20220703003802-e38bd506fab1 h1:Jm5/PE3YT8sXGwv5Kigm49Dw0iNyWEgy9KRKhYx10Ug=
shanhu.io/misc v0.0.0-20220703003802-e38bd506fab1/go.mod h1:F4xfIP05WVLsYu+Q8gGMjzpeuAsBKwHA7SMaFAuGWuQ=
shanhu.io/text v0.0.0-20220403174149-0195ecfdda87 h1:5B5QyUHPdmsKzfhgJjG7LZ3gdIL7NSBAMtL4QCXx07E=
shanhu.io/text v0.0.0-20220403174149-0195ecfdda87/go.mod h1:CexHuZjVSZj85hsKVcxZq80AMSdJNPFlOD4lSDEEE5g=
